
Microsoft Visual Studio Solution File, Format Version 11.00
# Visual Studio 2010
Project("{FAE04EC0-301F-11D3-BF4B-00C04F79EFBC}") = "BarbarianTMWarsTM®", "BarbarianTMWarsTM®\BarbarianTMWarsTM®\BarbarianTMWarsTM®.csproj", "{5782080C-6DB2-4B94-8A41-7804BFFEE6E2}"
EndProject
Project("{96E2B04D-8817-42C6-938A-82C39BA4D311}") = "BarbarianTMWarsTM®Content", "BarbarianTMWarsTM®\BarbarianTMWarsTM®Content\BarbarianTMWarsTM®Content.contentproj", "{96E84A80-8A9D-44B2-8BE4-C655F3C59F70}"
EndProject
Global
	GlobalSection(SolutionConfigurationPlatforms) = preSolution
		Debug|x86 = Debug|x86
		Release|x86 = Release|x86
	EndGlobalSection
	GlobalSection(ProjectConfigurationPlatforms) = postSolution
		{5782080C-6DB2-4B94-8A41-7804BFFEE6E2}.Debug|x86.ActiveCfg = Debug|x86
		{5782080C-6DB2-4B94-8A41-7804BFFEE6E2}.Debug|x86.Build.0 = Debug|x86
		{5782080C-6DB2-4B94-8A41-7804BFFEE6E2}.Release|x86.ActiveCfg = Release|x86
		{5782080C-6DB2-4B94-8A41-7804BFFEE6E2}.Release|x86.Build.0 = Release|x86
		{96E84A80-8A9D-44B2-8BE4-C655F3C59F70}.Debug|x86.ActiveCfg = Debug|x86
		{96E84A80-8A9D-44B2-8BE4-C655F3C59F70}.Release|x86.ActiveCfg = Release|x86
	EndGlobalSection
	GlobalSection(SolutionProperties) = preSolution
		HideSolutionNode = FALSE
	EndGlobalSection
EndGlobal
